// !$*UTF8*$!
{
	archiveVersion = 1;
	classes = {
	};
	objectVersion = 56;
	objects = {

/* Begin PBXBuildFile section */
		B241FFA229ED4BBD00408C28 /* NetworkingManager.swift in Sources */ = {isa = PBXBuildFile; fileRef = B241FFA129ED4BBD00408C28 /* NetworkingManager.swift */; };
		B241FFA529ED7AF300408C28 /* CoinImageView.swift in Sources */ = {isa = PBXBuildFile; fileRef = B241FFA429ED7AF300408C28 /* CoinImageView.swift */; };
		B241FFA729ED7D6400408C28 /* CoinImageViewModel.swift in Sources */ = {isa = PBXBuildFile; fileRef = B241FFA629ED7D6300408C28 /* CoinImageViewModel.swift */; };
		B241FFA929ED7DA400408C28 /* CoinImageService.swift in Sources */ = {isa = PBXBuildFile; fileRef = B241FFA829ED7DA400408C28 /* CoinImageService.swift */; };
		B251145729F02A510074F759 /* StatisticModel.swift in Sources */ = {isa = PBXBuildFile; fileRef = B251145629F02A510074F759 /* StatisticModel.swift */; };
		B251145929F02B9C0074F759 /* StatisticsView.swift in Sources */ = {isa = PBXBuildFile; fileRef = B251145829F02B9C0074F759 /* StatisticsView.swift */; };
		B251145B29F032E40074F759 /* HomeStatsView.swift in Sources */ = {isa = PBXBuildFile; fileRef = B251145A29F032E40074F759 /* HomeStatsView.swift */; };
		B251145D29F07D960074F759 /* MarketDataModel.swift in Sources */ = {isa = PBXBuildFile; fileRef = B251145C29F07D960074F759 /* MarketDataModel.swift */; };
		B251145F29F085F50074F759 /* MarketDataService.swift in Sources */ = {isa = PBXBuildFile; fileRef = B251145E29F085F50074F759 /* MarketDataService.swift */; };
		B254B4AF29E8927A00548828 /* CircleButtonAnimationView.swift in Sources */ = {isa = PBXBuildFile; fileRef = B254B4AE29E8927A00548828 /* CircleButtonAnimationView.swift */; };
		B254B4B229E89EEF00548828 /* CoinModel.swift in Sources */ = {isa = PBXBuildFile; fileRef = B254B4B129E89EEF00548828 /* CoinModel.swift */; };
		B254B4B429E9500A00548828 /* CoinRowView.swift in Sources */ = {isa = PBXBuildFile; fileRef = B254B4B329E9500A00548828 /* CoinRowView.swift */; };
		B254B4B629E9506B00548828 /* PreviewProvider.swift in Sources */ = {isa = PBXBuildFile; fileRef = B254B4B529E9506B00548828 /* PreviewProvider.swift */; };
		B254B4B829E9562F00548828 /* Double.swift in Sources */ = {isa = PBXBuildFile; fileRef = B254B4B729E9562F00548828 /* Double.swift */; };
		B254B4BA29E982D300548828 /* HomeViewModel.swift in Sources */ = {isa = PBXBuildFile; fileRef = B254B4B929E982D300548828 /* HomeViewModel.swift */; };
		B254B4BD29E9A34500548828 /* CoinDataService.swift in Sources */ = {isa = PBXBuildFile; fileRef = B254B4BC29E9A34500548828 /* CoinDataService.swift */; };
		B256640E29F1C42400DB1F8D /* PortfolioView.swift in Sources */ = {isa = PBXBuildFile; fileRef = B256640D29F1C42400DB1F8D /* PortfolioView.swift */; };
		B256641229F1CC5700DB1F8D /* CoinLogoView.swift in Sources */ = {isa = PBXBuildFile; fileRef = B256641129F1CC5700DB1F8D /* CoinLogoView.swift */; };
		B26B003829EE99BC001BE06E /* SearchBarView.swift in Sources */ = {isa = PBXBuildFile; fileRef = B26B003729EE99BC001BE06E /* SearchBarView.swift */; };
		B26B003A29EEA074001BE06E /* UIApplication.swift in Sources */ = {isa = PBXBuildFile; fileRef = B26B003929EEA074001BE06E /* UIApplication.swift */; };
		B26BDD8229E7FCE40070E787 /* HomeView.swift in Sources */ = {isa = PBXBuildFile; fileRef = B26BDD8129E7FCE40070E787 /* HomeView.swift */; };
		B26BDD8629E7FF110070E787 /* CircleButtonView.swift in Sources */ = {isa = PBXBuildFile; fileRef = B26BDD8529E7FF110070E787 /* CircleButtonView.swift */; };
		B2C6249529EDBFF70031E41B /* LocalFileManager.swift in Sources */ = {isa = PBXBuildFile; fileRef = B2C6249429EDBFF70031E41B /* LocalFileManager.swift */; };
		B2CFE3C829E73D24008862CE /* FusionCryptApp.swift in Sources */ = {isa = PBXBuildFile; fileRef = B2CFE3C729E73D24008862CE /* FusionCryptApp.swift */; };
		B2CFE3CA29E73D24008862CE /* ContentView.swift in Sources */ = {isa = PBXBuildFile; fileRef = B2CFE3C929E73D24008862CE /* ContentView.swift */; };
		B2CFE3CF29E73D25008862CE /* Preview Assets.xcassets in Resources */ = {isa = PBXBuildFile; fileRef = B2CFE3CE29E73D25008862CE /* Preview Assets.xcassets */; };
		B2CFE3D829E73EED008862CE /* Assets.xcassets in Resources */ = {isa = PBXBuildFile; fileRef = B2CFE3D729E73EED008862CE /* Assets.xcassets */; };
		B2CFE3DB29E740A6008862CE /* Color.swift in Sources */ = {isa = PBXBuildFile; fileRef = B2CFE3DA29E740A6008862CE /* Color.swift */; };
/* End PBXBuildFile section */

/* Begin PBXFileReference section */
		B241FFA129ED4BBD00408C28 /* NetworkingManager.swift */ = {isa = PBXFileReference; lastKnownFileType = sourcecode.swift; path = NetworkingManager.swift; sourceTree = "<group>"; };
		B241FFA429ED7AF300408C28 /* CoinImageView.swift */ = {isa = PBXFileReference; lastKnownFileType = sourcecode.swift; path = CoinImageView.swift; sourceTree = "<group>"; };
		B241FFA629ED7D6300408C28 /* CoinImageViewModel.swift */ = {isa = PBXFileReference; lastKnownFileType = sourcecode.swift; path = CoinImageViewModel.swift; sourceTree = "<group>"; };
		B241FFA829ED7DA400408C28 /* CoinImageService.swift */ = {isa = PBXFileReference; lastKnownFileType = sourcecode.swift; path = CoinImageService.swift; sourceTree = "<group>"; };
		B251145629F02A510074F759 /* StatisticModel.swift */ = {isa = PBXFileReference; lastKnownFileType = sourcecode.swift; path = StatisticModel.swift; sourceTree = "<group>"; };
		B251145829F02B9C0074F759 /* StatisticsView.swift */ = {isa = PBXFileReference; lastKnownFileType = sourcecode.swift; path = StatisticsView.swift; sourceTree = "<group>"; };
		B251145A29F032E40074F759 /* HomeStatsView.swift */ = {isa = PBXFileReference; lastKnownFileType = sourcecode.swift; path = HomeStatsView.swift; sourceTree = "<group>"; };
		B251145C29F07D960074F759 /* MarketDataModel.swift */ = {isa = PBXFileReference; lastKnownFileType = sourcecode.swift; path = MarketDataModel.swift; sourceTree = "<group>"; };
		B251145E29F085F50074F759 /* MarketDataService.swift */ = {isa = PBXFileReference; lastKnownFileType = sourcecode.swift; path = MarketDataService.swift; sourceTree = "<group>"; };
		B254B4AE29E8927A00548828 /* CircleButtonAnimationView.swift */ = {isa = PBXFileReference; lastKnownFileType = sourcecode.swift; path = CircleButtonAnimationView.swift; sourceTree = "<group>"; };
		B254B4B129E89EEF00548828 /* CoinModel.swift */ = {isa = PBXFileReference; lastKnownFileType = sourcecode.swift; path = CoinModel.swift; sourceTree = "<group>"; };
		B254B4B329E9500A00548828 /* CoinRowView.swift */ = {isa = PBXFileReference; lastKnownFileType = sourcecode.swift; path = CoinRowView.swift; sourceTree = "<group>"; };
		B254B4B529E9506B00548828 /* PreviewProvider.swift */ = {isa = PBXFileReference; lastKnownFileType = sourcecode.swift; path = PreviewProvider.swift; sourceTree = "<group>"; };
		B254B4B729E9562F00548828 /* Double.swift */ = {isa = PBXFileReference; lastKnownFileType = sourcecode.swift; path = Double.swift; sourceTree = "<group>"; };
		B254B4B929E982D300548828 /* HomeViewModel.swift */ = {isa = PBXFileReference; lastKnownFileType = sourcecode.swift; path = HomeViewModel.swift; sourceTree = "<group>"; };
		B254B4BC29E9A34500548828 /* CoinDataService.swift */ = {isa = PBXFileReference; lastKnownFileType = sourcecode.swift; path = CoinDataService.swift; sourceTree = "<group>"; };
		B256640D29F1C42400DB1F8D /* PortfolioView.swift */ = {isa = PBXFileReference; lastKnownFileType = sourcecode.swift; path = PortfolioView.swift; sourceTree = "<group>"; };
		B256641129F1CC5700DB1F8D /* CoinLogoView.swift */ = {isa = PBXFileReference; lastKnownFileType = sourcecode.swift; path = CoinLogoView.swift; sourceTree = "<group>"; };
		B26B003729EE99BC001BE06E /* SearchBarView.swift */ = {isa = PBXFileReference; lastKnownFileType = sourcecode.swift; path = SearchBarView.swift; sourceTree = "<group>"; };
		B26B003929EEA074001BE06E /* UIApplication.swift */ = {isa = PBXFileReference; lastKnownFileType = sourcecode.swift; path = UIApplication.swift; sourceTree = "<group>"; };
		B26BDD8129E7FCE40070E787 /* HomeView.swift */ = {isa = PBXFileReference; lastKnownFileType = sourcecode.swift; name = HomeView.swift; path = FusionCrypt/Core/Home/Views/HomeView.swift; sourceTree = SOURCE_ROOT; };
		B26BDD8529E7FF110070E787 /* CircleButtonView.swift */ = {isa = PBXFileReference; lastKnownFileType = sourcecode.swift; path = CircleButtonView.swift; sourceTree = "<group>"; };
		B2C6249429EDBFF70031E41B /* LocalFileManager.swift */ = {isa = PBXFileReference; lastKnownFileType = sourcecode.swift; path = LocalFileManager.swift; sourceTree = "<group>"; };
		B2CFE3C429E73D24008862CE /* FusionCrypt.app */ = {isa = PBXFileReference; explicitFileType = wrapper.application; includeInIndex = 0; path = FusionCrypt.app; sourceTree = BUILT_PRODUCTS_DIR; };
		B2CFE3C729E73D24008862CE /* FusionCryptApp.swift */ = {isa = PBXFileReference; lastKnownFileType = sourcecode.swift; path = FusionCryptApp.swift; sourceTree = "<group>"; };
		B2CFE3C929E73D24008862CE /* ContentView.swift */ = {isa = PBXFileReference; lastKnownFileType = sourcecode.swift; path = ContentView.swift; sourceTree = "<group>"; };
		B2CFE3CE29E73D25008862CE /* Preview Assets.xcassets */ = {isa = PBXFileReference; lastKnownFileType = folder.assetcatalog; path = "Preview Assets.xcassets"; sourceTree = "<group>"; };
		B2CFE3D729E73EED008862CE /* Assets.xcassets */ = {isa = PBXFileReference; lastKnownFileType = folder.assetcatalog; name = Assets.xcassets; path = ../../../Resources/Assets.xcassets; sourceTree = "<group>"; };
		B2CFE3DA29E740A6008862CE /* Color.swift */ = {isa = PBXFileReference; lastKnownFileType = sourcecode.swift; path = Color.swift; sourceTree = "<group>"; };
/* End PBXFileReference section */

/* Begin PBXFrameworksBuildPhase section */
		B2CFE3C129E73D24008862CE /* Frameworks */ = {
			isa = PBXFrameworksBuildPhase;
			buildActionMask = 2147483647;
			files = (
			);
			runOnlyForDeploymentPostprocessing = 0;
		};
/* End PBXFrameworksBuildPhase section */

/* Begin PBXGroup section */
		B241FFA029ED4B9000408C28 /* Utilities */ = {
			isa = PBXGroup;
			children = (
				B241FFA129ED4BBD00408C28 /* NetworkingManager.swift */,
				B2C6249429EDBFF70031E41B /* LocalFileManager.swift */,
			);
			path = Utilities;
			sourceTree = "<group>";
		};
		B241FFA329ED7ADF00408C28 /* CoinImage */ = {
			isa = PBXGroup;
			children = (
				B241FFA429ED7AF300408C28 /* CoinImageView.swift */,
				B241FFA629ED7D6300408C28 /* CoinImageViewModel.swift */,
				B256641129F1CC5700DB1F8D /* CoinLogoView.swift */,
			);
			path = CoinImage;
			sourceTree = "<group>";
		};
		B254B4B029E89EC000548828 /* Models */ = {
			isa = PBXGroup;
			children = (
				B254B4B129E89EEF00548828 /* CoinModel.swift */,
				B251145629F02A510074F759 /* StatisticModel.swift */,
				B251145C29F07D960074F759 /* MarketDataModel.swift */,
			);
			path = Models;
			sourceTree = "<group>";
		};
		B254B4BB29E9A31600548828 /* Services */ = {
			isa = PBXGroup;
			children = (
				B254B4BC29E9A34500548828 /* CoinDataService.swift */,
				B241FFA829ED7DA400408C28 /* CoinImageService.swift */,
				B251145E29F085F50074F759 /* MarketDataService.swift */,
			);
			path = Services;
			sourceTree = "<group>";
		};
		B26BDD7D29E7FCA30070E787 /* Core */ = {
			isa = PBXGroup;
			children = (
				B26BDD8329E7FED20070E787 /* Components */,
				B26BDD7E29E7FCB20070E787 /* Home */,
			);
			path = Core;
			sourceTree = "<group>";
		};
		B26BDD7E29E7FCB20070E787 /* Home */ = {
			isa = PBXGroup;
			children = (
				B26BDD8029E7FCC30070E787 /* ViewModels */,
				B26BDD7F29E7FCBD0070E787 /* Views */,
			);
			path = Home;
			sourceTree = "<group>";
		};
		B26BDD7F29E7FCBD0070E787 /* Views */ = {
			isa = PBXGroup;
			children = (
				B26BDD8129E7FCE40070E787 /* HomeView.swift */,
				B254B4B329E9500A00548828 /* CoinRowView.swift */,
				B251145A29F032E40074F759 /* HomeStatsView.swift */,
				B256640D29F1C42400DB1F8D /* PortfolioView.swift */,
			);
			path = Views;
			sourceTree = "<group>";
		};
		B26BDD8029E7FCC30070E787 /* ViewModels */ = {
			isa = PBXGroup;
			children = (
				B254B4B929E982D300548828 /* HomeViewModel.swift */,
			);
			path = ViewModels;
			sourceTree = "<group>";
		};
		B26BDD8329E7FED20070E787 /* Components */ = {
			isa = PBXGroup;
			children = (
				B241FFA329ED7ADF00408C28 /* CoinImage */,
				B26BDD8429E7FEF10070E787 /* CircleButton */,
				B26B003729EE99BC001BE06E /* SearchBarView.swift */,
				B251145829F02B9C0074F759 /* StatisticsView.swift */,
			);
			path = Components;
			sourceTree = "<group>";
		};
		B26BDD8429E7FEF10070E787 /* CircleButton */ = {
			isa = PBXGroup;
			children = (
				B26BDD8529E7FF110070E787 /* CircleButtonView.swift */,
				B254B4AE29E8927A00548828 /* CircleButtonAnimationView.swift */,
			);
			path = CircleButton;
			sourceTree = "<group>";
		};
		B2CFE3BB29E73D24008862CE = {
			isa = PBXGroup;
			children = (
				B2CFE3C629E73D24008862CE /* FusionCrypt */,
				B2CFE3C529E73D24008862CE /* Products */,
			);
			sourceTree = "<group>";
		};
		B2CFE3C529E73D24008862CE /* Products */ = {
			isa = PBXGroup;
			children = (
				B2CFE3C429E73D24008862CE /* FusionCrypt.app */,
			);
			name = Products;
			sourceTree = "<group>";
		};
		B2CFE3C629E73D24008862CE /* FusionCrypt */ = {
			isa = PBXGroup;
			children = (
				B2CFE3C729E73D24008862CE /* FusionCryptApp.swift */,
				B2CFE3D929E7407F008862CE /* Extensions */,
				B241FFA029ED4B9000408C28 /* Utilities */,
				B254B4BB29E9A31600548828 /* Services */,
				B254B4B029E89EC000548828 /* Models */,
				B26BDD7D29E7FCA30070E787 /* Core */,
				B2CFE3C929E73D24008862CE /* ContentView.swift */,
				B2CFE3D729E73EED008862CE /* Assets.xcassets */,
				B2CFE3CD29E73D25008862CE /* Preview Content */,
			);
			path = FusionCrypt;
			sourceTree = "<group>";
		};
		B2CFE3CD29E73D25008862CE /* Preview Content */ = {
			isa = PBXGroup;
			children = (
				B2CFE3CE29E73D25008862CE /* Preview Assets.xcassets */,
			);
			path = "Preview Content";
			sourceTree = "<group>";
		};
		B2CFE3D929E7407F008862CE /* Extensions */ = {
			isa = PBXGroup;
			children = (
				B2CFE3DA29E740A6008862CE /* Color.swift */,
				B254B4B529E9506B00548828 /* PreviewProvider.swift */,
				B254B4B729E9562F00548828 /* Double.swift */,
				B26B003929EEA074001BE06E /* UIApplication.swift */,
			);
			path = Extensions;
			sourceTree = "<group>";
		};
/* End PBXGroup section */

/* Begin PBXNativeTarget section */
		B2CFE3C329E73D24008862CE /* FusionCrypt */ = {
			isa = PBXNativeTarget;
			buildConfigurationList = B2CFE3D229E73D25008862CE /* Build configuration list for PBXNativeTarget "FusionCrypt" */;
			buildPhases = (
				B2CFE3C029E73D24008862CE /* Sources */,
				B2CFE3C129E73D24008862CE /* Frameworks */,
				B2CFE3C229E73D24008862CE /* Resources */,
			);
			buildRules = (
			);
			dependencies = (
			);
			name = FusionCrypt;
			productName = FusionCrypt;
			productReference = B2CFE3C429E73D24008862CE /* FusionCrypt.app */;
			productType = "com.apple.product-type.application";
		};
/* End PBXNativeTarget section */

/* Begin PBXProject section */
		B2CFE3BC29E73D24008862CE /* Project object */ = {
			isa = PBXProject;
			attributes = {
				BuildIndependentTargetsInParallel = 1;
				LastSwiftUpdateCheck = 1420;
				LastUpgradeCheck = 1420;
				TargetAttributes = {
					B2CFE3C329E73D24008862CE = {
						CreatedOnToolsVersion = 14.2;
					};
				};
			};
			buildConfigurationList = B2CFE3BF29E73D24008862CE /* Build configuration list for PBXProject "FusionCrypt" */;
			compatibilityVersion = "Xcode 14.0";
			developmentRegion = en;
			hasScannedForEncodings = 0;
			knownRegions = (
				en,
				Base,
			);
			mainGroup = B2CFE3BB29E73D24008862CE;
			productRefGroup = B2CFE3C529E73D24008862CE /* Products */;
			projectDirPath = "";
			projectRoot = "";
			targets = (
				B2CFE3C329E73D24008862CE /* FusionCrypt */,
			);
		};
/* End PBXProject section */

/* Begin PBXResourcesBuildPhase section */
		B2CFE3C229E73D24008862CE /* Resources */ = {
			isa = PBXResourcesBuildPhase;
			buildActionMask = 2147483647;
			files = (
				B2CFE3CF29E73D25008862CE /* Preview Assets.xcassets in Resources */,
				B2CFE3D829E73EED008862CE /* Assets.xcassets in Resources */,
			);
			runOnlyForDeploymentPostprocessing = 0;
		};
/* End PBXResourcesBuildPhase section */

/* Begin PBXSourcesBuildPhase section */
		B2CFE3C029E73D24008862CE /* Sources */ = {
			isa = PBXSourcesBuildPhase;
			buildActionMask = 2147483647;
			files = (
				B251145729F02A510074F759 /* StatisticModel.swift in Sources */,
				B241FFA729ED7D6400408C28 /* CoinImageViewModel.swift in Sources */,
				B256641229F1CC5700DB1F8D /* CoinLogoView.swift in Sources */,
				B254B4BD29E9A34500548828 /* CoinDataService.swift in Sources */,
				B254B4B429E9500A00548828 /* CoinRowView.swift in Sources */,
				B254B4BA29E982D300548828 /* HomeViewModel.swift in Sources */,
				B2C6249529EDBFF70031E41B /* LocalFileManager.swift in Sources */,
				B251145D29F07D960074F759 /* MarketDataModel.swift in Sources */,
				B2CFE3CA29E73D24008862CE /* ContentView.swift in Sources */,
				B26BDD8229E7FCE40070E787 /* HomeView.swift in Sources */,
				B241FFA529ED7AF300408C28 /* CoinImageView.swift in Sources */,
				B26B003A29EEA074001BE06E /* UIApplication.swift in Sources */,
				B251145929F02B9C0074F759 /* StatisticsView.swift in Sources */,
				B2CFE3C829E73D24008862CE /* FusionCryptApp.swift in Sources */,
				B26BDD8629E7FF110070E787 /* CircleButtonView.swift in Sources */,
				B26B003829EE99BC001BE06E /* SearchBarView.swift in Sources */,
				B2CFE3DB29E740A6008862CE /* Color.swift in Sources */,
				B251145B29F032E40074F759 /* HomeStatsView.swift in Sources */,
				B251145F29F085F50074F759 /* MarketDataService.swift in Sources */,
				B241FFA229ED4BBD00408C28 /* NetworkingManager.swift in Sources */,
				B254B4AF29E8927A00548828 /* CircleButtonAnimationView.swift in Sources */,
				B254B4B629E9506B00548828 /* PreviewProvider.swift in Sources */,
				B256640E29F1C42400DB1F8D /* PortfolioView.swift in Sources */,
				B254B4B829E9562F00548828 /* Double.swift in Sources */,
				B241FFA929ED7DA400408C28 /* CoinImageService.swift in Sources */,
				B254B4B229E89EEF00548828 /* CoinModel.swift in Sources */,
			);
			runOnlyForDeploymentPostprocessing = 0;
		};
/* End PBXSourcesBuildPhase section */

/* Begin XCBuildConfiguration section */
		B2CFE3D029E73D25008862CE /* Debug */ = {
			isa = XCBuildConfiguration;
			buildSettings = {
				ALWAYS_SEARCH_USER_PATHS = NO;
				CLANG_ANALYZER_NONNULL = YES;
				CLANG_ANALYZER_NUMBER_OBJECT_CONVERSION = YES_AGGRESSIVE;
				CLANG_CXX_LANGUAGE_STANDARD = "gnu++20";
				CLANG_ENABLE_MODULES = YES;
				CLANG_ENABLE_OBJC_ARC = YES;
				CLANG_ENABLE_OBJC_WEAK = YES;
				CLANG_WARN_BLOCK_CAPTURE_AUTORELEASING = YES;
				CLANG_WARN_BOOL_CONVERSION = YES;
				CLANG_WARN_COMMA = YES;
				CLANG_WARN_CONSTANT_CONVERSION = YES;
				CLANG_WARN_DEPRECATED_OBJC_IMPLEMENTATIONS = YES;
				CLANG_WARN_DIRECT_OBJC_ISA_USAGE = YES_ERROR;
				CLANG_WARN_DOCUMENTATION_COMMENTS = YES;
				CLANG_WARN_EMPTY_BODY = YES;
				CLANG_WARN_ENUM_CONVERSION = YES;
				CLANG_WARN_INFINITE_RECURSION = YES;
				CLANG_WARN_INT_CONVERSION = YES;
				CLANG_WARN_NON_LITERAL_NULL_CONVERSION = YES;
				CLANG_WARN_OBJC_IMPLICIT_RETAIN_SELF = YES;
				CLANG_WARN_OBJC_LITERAL_CONVERSION = YES;
				CLANG_WARN_OBJC_ROOT_CLASS = YES_ERROR;
				CLANG_WARN_QUOTED_INCLUDE_IN_FRAMEWORK_HEADER = YES;
				CLANG_WARN_RANGE_LOOP_ANALYSIS = YES;
				CLANG_WARN_STRICT_PROTOTYPES = YES;
				CLANG_WARN_SUSPICIOUS_MOVE = YES;
				CLANG_WARN_UNGUARDED_AVAILABILITY = YES_AGGRESSIVE;
				CLANG_WARN_UNREACHABLE_CODE = YES;
				CLANG_WARN__DUPLICATE_METHOD_MATCH = YES;
				COPY_PHASE_STRIP = NO;
				DEBUG_INFORMATION_FORMAT = dwarf;
				ENABLE_STRICT_OBJC_MSGSEND = YES;
				ENABLE_TESTABILITY = YES;
				GCC_C_LANGUAGE_STANDARD = gnu11;
				GCC_DYNAMIC_NO_PIC = NO;
				GCC_NO_COMMON_BLOCKS = YES;
				GCC_OPTIMIZATION_LEVEL = 0;
				GCC_PREPROCESSOR_DEFINITIONS = (
					"DEBUG=1",
					"$(inherited)",
				);
				GCC_WARN_64_TO_32_BIT_CONVERSION = YES;
				GCC_WARN_ABOUT_RETURN_TYPE = YES_ERROR;
				GCC_WARN_UNDECLARED_SELECTOR = YES;
				GCC_WARN_UNINITIALIZED_AUTOS = YES_AGGRESSIVE;
				GCC_WARN_UNUSED_FUNCTION = YES;
				GCC_WARN_UNUSED_VARIABLE = YES;
				IPHONEOS_DEPLOYMENT_TARGET = 16.2;
				MTL_ENABLE_DEBUG_INFO = INCLUDE_SOURCE;
				MTL_FAST_MATH = YES;
				ONLY_ACTIVE_ARCH = YES;
				SDKROOT = iphoneos;
				SWIFT_ACTIVE_COMPILATION_CONDITIONS = DEBUG;
				SWIFT_OPTIMIZATION_LEVEL = "-Onone";
			};
			name = Debug;
		};
		B2CFE3D129E73D25008862CE /* Release */ = {
			isa = XCBuildConfiguration;
			buildSettings = {
				ALWAYS_SEARCH_USER_PATHS = NO;
				CLANG_ANALYZER_NONNULL = YES;
				CLANG_ANALYZER_NUMBER_OBJECT_CONVERSION = YES_AGGRESSIVE;
				CLANG_CXX_LANGUAGE_STANDARD = "gnu++20";
				CLANG_ENABLE_MODULES = YES;
				CLANG_ENABLE_OBJC_ARC = YES;
				CLANG_ENABLE_OBJC_WEAK = YES;
				CLANG_WARN_BLOCK_CAPTURE_AUTORELEASING = YES;
				CLANG_WARN_BOOL_CONVERSION = YES;
				CLANG_WARN_COMMA = YES;
				CLANG_WARN_CONSTANT_CONVERSION = YES;
				CLANG_WARN_DEPRECATED_OBJC_IMPLEMENTATIONS = YES;
				CLANG_WARN_DIRECT_OBJC_ISA_USAGE = YES_ERROR;
				CLANG_WARN_DOCUMENTATION_COMMENTS = YES;
				CLANG_WARN_EMPTY_BODY = YES;
				CLANG_WARN_ENUM_CONVERSION = YES;
				CLANG_WARN_INFINITE_RECURSION = YES;
				CLANG_WARN_INT_CONVERSION = YES;
				CLANG_WARN_NON_LITERAL_NULL_CONVERSION = YES;
				CLANG_WARN_OBJC_IMPLICIT_RETAIN_SELF = YES;
				CLANG_WARN_OBJC_LITERAL_CONVERSION = YES;
				CLANG_WARN_OBJC_ROOT_CLASS = YES_ERROR;
				CLANG_WARN_QUOTED_INCLUDE_IN_FRAMEWORK_HEADER = YES;
				CLANG_WARN_RANGE_LOOP_ANALYSIS = YES;
				CLANG_WARN_STRICT_PROTOTYPES = YES;
				CLANG_WARN_SUSPICIOUS_MOVE = YES;
				CLANG_WARN_UNGUARDED_AVAILABILITY = YES_AGGRESSIVE;
				CLANG_WARN_UNREACHABLE_CODE = YES;
				CLANG_WARN__DUPLICATE_METHOD_MATCH = YES;
				COPY_PHASE_STRIP = NO;
				DEBUG_INFORMATION_FORMAT = "dwarf-with-dsym";
				ENABLE_NS_ASSERTIONS = NO;
				ENABLE_STRICT_OBJC_MSGSEND = YES;
				GCC_C_LANGUAGE_STANDARD = gnu11;
				GCC_NO_COMMON_BLOCKS = YES;
				GCC_WARN_64_TO_32_BIT_CONVERSION = YES;
				GCC_WARN_ABOUT_RETURN_TYPE = YES_ERROR;
				GCC_WARN_UNDECLARED_SELECTOR = YES;
				GCC_WARN_UNINITIALIZED_AUTOS = YES_AGGRESSIVE;
				GCC_WARN_UNUSED_FUNCTION = YES;
				GCC_WARN_UNUSED_VARIABLE = YES;
				IPHONEOS_DEPLOYMENT_TARGET = 16.2;
				MTL_ENABLE_DEBUG_INFO = NO;
				MTL_FAST_MATH = YES;
				SDKROOT = iphoneos;
				SWIFT_COMPILATION_MODE = wholemodule;
				SWIFT_OPTIMIZATION_LEVEL = "-O";
				VALIDATE_PRODUCT = YES;
			};
			name = Release;
		};
		B2CFE3D329E73D25008862CE /* Debug */ = {
			isa = XCBuildConfiguration;
			buildSettings = {
				ASSETCATALOG_COMPILER_APPICON_NAME = AppIcon;
				ASSETCATALOG_COMPILER_GLOBAL_ACCENT_COLOR_NAME = AccentColor;
				CODE_SIGN_STYLE = Automatic;
				CURRENT_PROJECT_VERSION = 1;
				DEVELOPMENT_ASSET_PATHS = "\"FusionCrypt/Preview Content\"";
				DEVELOPMENT_TEAM = XA3GTF5MYV;
				ENABLE_PREVIEWS = YES;
				GENERATE_INFOPLIST_FILE = YES;
				INFOPLIST_KEY_CFBundleDisplayName = FusionCrypt;
				INFOPLIST_KEY_LSApplicationCategoryType = "public.app-category.finance";
				INFOPLIST_KEY_UIApplicationSceneManifest_Generation = YES;
				INFOPLIST_KEY_UIApplicationSupportsIndirectInputEvents = YES;
				INFOPLIST_KEY_UILaunchScreen_Generation = YES;
				INFOPLIST_KEY_UISupportedInterfaceOrientations = UIInterfaceOrientationPortrait;
				IPHONEOS_DEPLOYMENT_TARGET = 15.0;
				LD_RUNPATH_SEARCH_PATHS = (
					"$(inherited)",
					"@executable_path/Frameworks",
				);
				MARKETING_VERSION = 1.0;
				PRODUCT_BUNDLE_IDENTIFIER = com.qihuiyu.FusionCrypt;
				PRODUCT_NAME = "$(TARGET_NAME)";
				SUPPORTED_PLATFORMS = "iphoneos iphonesimulator";
				SUPPORTS_MACCATALYST = NO;
				SUPPORTS_MAC_DESIGNED_FOR_IPHONE_IPAD = NO;
				SWIFT_EMIT_LOC_STRINGS = YES;
				SWIFT_VERSION = 5.0;
				TARGETED_DEVICE_FAMILY = "1,2";
			};
			name = Debug;
		};
		B2CFE3D429E73D25008862CE /* Release */ = {
			isa = XCBuildConfiguration;
			buildSettings = {
				ASSETCATALOG_COMPILER_APPICON_NAME = AppIcon;
				ASSETCATALOG_COMPILER_GLOBAL_ACCENT_COLOR_NAME = AccentColor;
				CODE_SIGN_STYLE = Automatic;
				CURRENT_PROJECT_VERSION = 1;
				DEVELOPMENT_ASSET_PATHS = "\"FusionCrypt/Preview Content\"";
				DEVELOPMENT_TEAM = XA3GTF5MYV;
				ENABLE_PREVIEWS = YES;
				GENERATE_INFOPLIST_FILE = YES;
				INFOPLIST_KEY_CFBundleDisplayName = FusionCrypt;
				INFOPLIST_KEY_LSApplicationCategoryType = "public.app-category.finance";
				INFOPLIST_KEY_UIApplicationSceneManifest_Generation = YES;
				INFOPLIST_KEY_UIApplicationSupportsIndirectInputEvents = YES;
				INFOPLIST_KEY_UILaunchScreen_Generation = YES;
				INFOPLIST_KEY_UISupportedInterfaceOrientations = UIInterfaceOrientationPortrait;
				IPHONEOS_DEPLOYMENT_TARGET = 15.0;
				LD_RUNPATH_SEARCH_PATHS = (
					"$(inherited)",
					"@executable_path/Frameworks",
				);
				MARKETING_VERSION = 1.0;
				PRODUCT_BUNDLE_IDENTIFIER = com.qihuiyu.FusionCrypt;
				PRODUCT_NAME = "$(TARGET_NAME)";
				SUPPORTED_PLATFORMS = "iphoneos iphonesimulator";
				SUPPORTS_MACCATALYST = NO;
				SUPPORTS_MAC_DESIGNED_FOR_IPHONE_IPAD = NO;
				SWIFT_EMIT_LOC_STRINGS = YES;
				SWIFT_VERSION = 5.0;
				TARGETED_DEVICE_FAMILY = "1,2";
			};
			name = Release;
		};
/* End XCBuildConfiguration section */

/* Begin XCConfigurationList section */
		B2CFE3BF29E73D24008862CE /* Build configuration list for PBXProject "FusionCrypt" */ = {
			isa = XCConfigurationList;
			buildConfigurations = (
				B2CFE3D029E73D25008862CE /* Debug */,
				B2CFE3D129E73D25008862CE /* Release */,
			);
			defaultConfigurationIsVisible = 0;
			defaultConfigurationName = Release;
		};
		B2CFE3D229E73D25008862CE /* Build configuration list for PBXNativeTarget "FusionCrypt" */ = {
			isa = XCConfigurationList;
			buildConfigurations = (
				B2CFE3D329E73D25008862CE /* Debug */,
				B2CFE3D429E73D25008862CE /* Release */,
			);
			defaultConfigurationIsVisible = 0;
			defaultConfigurationName = Release;
		};
/* End XCConfigurationList section */
	};
	rootObject = B2CFE3BC29E73D24008862CE /* Project object */;
}
